
Microsoft Visual Studio Solution File, Format Version 12.00
# Visual Studio Version 17
VisualStudioVersion = 17.0.31919.166
MinimumVisualStudioVersion = 10.0.40219.1
Project("{2150E333-8FDC-42A3-9474-1A3956D46DE8}") = "Solution Items", "Solution Items", "{CFF4CD03-F4A1-4B46-9116-2F23372BBABB}"
	ProjectSection(SolutionItems) = preProject
		Directory.Build.props = Directory.Build.props
		README.md = README.md
		version.json = version.json
	EndProjectSection
EndProject
Project("{9A19103F-16F7-4668-BE54-9A1E7A4F7556}") = "MultiChainDotNet.Core", "src\MultiChainDotNet.Core\MultiChainDotNet.Core.csproj", "{7D6A655C-6E19-4848-9BE0-BB65FF9E575D}"
EndProject
Project("{9A19103F-16F7-4668-BE54-9A1E7A4F7556}") = "MultiChainDotNet.Fluent", "src\MultiChainDotNet.Fluent\MultiChainDotNet.Fluent.csproj", "{D5C93C17-EC73-4238-B463-29558DA111C6}"
EndProject
Project("{9A19103F-16F7-4668-BE54-9A1E7A4F7556}") = "MultiChainDotNet.Managers", "src\MultiChainDotNet.Managers\MultiChainDotNet.Managers.csproj", "{A90A1D83-CAEC-4D30-9A19-74BCADE51EAA}"
EndProject
Project("{9A19103F-16F7-4668-BE54-9A1E7A4F7556}") = "MultiChainDotNet.Tests", "test\MultiChainDotNet.Tests\MultiChainDotNet.Tests.csproj", "{3E61CFB2-A687-4B89-8FC9-B13E94FD5E79}"
EndProject
Project("{2150E333-8FDC-42A3-9474-1A3956D46DE8}") = "src", "src", "{E7C0BBB9-534B-4C6F-BCCD-203B4F56727D}"
EndProject
Project("{2150E333-8FDC-42A3-9474-1A3956D46DE8}") = "tests", "tests", "{BFC1B820-C7EB-42FD-B409-E1CC5F15F38C}"
EndProject
Project("{2150E333-8FDC-42A3-9474-1A3956D46DE8}") = "docker-compose", "docker-compose", "{83C27AFD-FE8E-4798-9084-14FC0B85FD53}"
	ProjectSection(SolutionItems) = preProject
		build\docker-compose\docker-compose.yml = build\docker-compose\docker-compose.yml
		build\docker-compose\Dockerfile.mcdotnet-relaynode = build\docker-compose\Dockerfile.mcdotnet-relaynode
		build\docker-compose\Dockerfile.mcdotnet-seednode = build\docker-compose\Dockerfile.mcdotnet-seednode
		build\docker-compose\scripts\multichain.conf = build\docker-compose\scripts\multichain.conf
		build\docker-compose\scripts\params.dat = build\docker-compose\scripts\params.dat
	EndProjectSection
EndProject
Project("{9A19103F-16F7-4668-BE54-9A1E7A4F7556}") = "MultiChainDotNet.Api.Service", "src\MultiChainDotNet.Api.Service\MultiChainDotNet.Api.Service.csproj", "{7CAAB5E5-91AE-4EC2-A501-95286A9AC67F}"
EndProject
Project("{9A19103F-16F7-4668-BE54-9A1E7A4F7556}") = "Client1", "test\Client1\Client1.csproj", "{89498038-F173-4A1D-95B1-904D3BC23341}"
EndProject
Project("{9A19103F-16F7-4668-BE54-9A1E7A4F7556}") = "Client2", "test\Client2\Client2.csproj", "{D73F6821-27FB-4C6F-BA83-ABA3D9A95B27}"
EndProject
Project("{9A19103F-16F7-4668-BE54-9A1E7A4F7556}") = "Client3", "test\Client3\Client3.csproj", "{486885D5-81DF-4271-8E66-4546B280E240}"
EndProject
Project("{9A19103F-16F7-4668-BE54-9A1E7A4F7556}") = "MultiChainDotNet.Api.Abstractions", "src\MultiChainDotNet.Api.Abstractions\MultiChainDotNet.Api.Abstractions.csproj", "{81888DD1-3E48-476D-8CF4-DE6F705522A2}"
EndProject
Project("{2150E333-8FDC-42A3-9474-1A3956D46DE8}") = "scripts", "scripts", "{0EF9E1E7-69EF-481B-B42F-7143E3559B41}"
	ProjectSection(SolutionItems) = preProject
		build\docker-compose\scripts\create-base-image.sh = build\docker-compose\scripts\create-base-image.sh
		build\docker-compose\scripts\mc-seednode.sh = build\docker-compose\scripts\mc-seednode.sh
		build\docker-compose\scripts\multichain.conf = build\docker-compose\scripts\multichain.conf
		build\docker-compose\scripts\notify.sh = build\docker-compose\scripts\notify.sh
		build\docker-compose\scripts\params-2-1-2.dat = build\docker-compose\scripts\params-2-1-2.dat
		build\docker-compose\scripts\params-2-2.dat = build\docker-compose\scripts\params-2-2.dat
		build\docker-compose\scripts\params.dat = build\docker-compose\scripts\params.dat
	EndProjectSection
EndProject
Global
	GlobalSection(SolutionConfigurationPlatforms) = preSolution
		Debug|Any CPU = Debug|Any CPU
		Release|Any CPU = Release|Any CPU
	EndGlobalSection
	GlobalSection(ProjectConfigurationPlatforms) = postSolution
		{7D6A655C-6E19-4848-9BE0-BB65FF9E575D}.Debug|Any CPU.ActiveCfg = Debug|Any CPU
		{7D6A655C-6E19-4848-9BE0-BB65FF9E575D}.Debug|Any CPU.Build.0 = Debug|Any CPU
		{7D6A655C-6E19-4848-9BE0-BB65FF9E575D}.Release|Any CPU.ActiveCfg = Release|Any CPU
		{7D6A655C-6E19-4848-9BE0-BB65FF9E575D}.Release|Any CPU.Build.0 = Release|Any CPU
		{D5C93C17-EC73-4238-B463-29558DA111C6}.Debug|Any CPU.ActiveCfg = Debug|Any CPU
		{D5C93C17-EC73-4238-B463-29558DA111C6}.Debug|Any CPU.Build.0 = Debug|Any CPU
		{D5C93C17-EC73-4238-B463-29558DA111C6}.Release|Any CPU.ActiveCfg = Release|Any CPU
		{D5C93C17-EC73-4238-B463-29558DA111C6}.Release|Any CPU.Build.0 = Release|Any CPU
		{A90A1D83-CAEC-4D30-9A19-74BCADE51EAA}.Debug|Any CPU.ActiveCfg = Debug|Any CPU
		{A90A1D83-CAEC-4D30-9A19-74BCADE51EAA}.Debug|Any CPU.Build.0 = Debug|Any CPU
		{A90A1D83-CAEC-4D30-9A19-74BCADE51EAA}.Release|Any CPU.ActiveCfg = Release|Any CPU
		{A90A1D83-CAEC-4D30-9A19-74BCADE51EAA}.Release|Any CPU.Build.0 = Release|Any CPU
		{3E61CFB2-A687-4B89-8FC9-B13E94FD5E79}.Debug|Any CPU.ActiveCfg = Debug|Any CPU
		{3E61CFB2-A687-4B89-8FC9-B13E94FD5E79}.Debug|Any CPU.Build.0 = Debug|Any CPU
		{3E61CFB2-A687-4B89-8FC9-B13E94FD5E79}.Release|Any CPU.ActiveCfg = Release|Any CPU
		{3E61CFB2-A687-4B89-8FC9-B13E94FD5E79}.Release|Any CPU.Build.0 = Release|Any CPU
		{7CAAB5E5-91AE-4EC2-A501-95286A9AC67F}.Debug|Any CPU.ActiveCfg = Debug|Any CPU
		{7CAAB5E5-91AE-4EC2-A501-95286A9AC67F}.Debug|Any CPU.Build.0 = Debug|Any CPU
		{7CAAB5E5-91AE-4EC2-A501-95286A9AC67F}.Release|Any CPU.ActiveCfg = Release|Any CPU
		{7CAAB5E5-91AE-4EC2-A501-95286A9AC67F}.Release|Any CPU.Build.0 = Release|Any CPU
		{89498038-F173-4A1D-95B1-904D3BC23341}.Debug|Any CPU.ActiveCfg = Debug|Any CPU
		{89498038-F173-4A1D-95B1-904D3BC23341}.Debug|Any CPU.Build.0 = Debug|Any CPU
		{89498038-F173-4A1D-95B1-904D3BC23341}.Release|Any CPU.ActiveCfg = Release|Any CPU
		{89498038-F173-4A1D-95B1-904D3BC23341}.Release|Any CPU.Build.0 = Release|Any CPU
		{D73F6821-27FB-4C6F-BA83-ABA3D9A95B27}.Debug|Any CPU.ActiveCfg = Debug|Any CPU
		{D73F6821-27FB-4C6F-BA83-ABA3D9A95B27}.Debug|Any CPU.Build.0 = Debug|Any CPU
		{D73F6821-27FB-4C6F-BA83-ABA3D9A95B27}.Release|Any CPU.ActiveCfg = Release|Any CPU
		{D73F6821-27FB-4C6F-BA83-ABA3D9A95B27}.Release|Any CPU.Build.0 = Release|Any CPU
		{486885D5-81DF-4271-8E66-4546B280E240}.Debug|Any CPU.ActiveCfg = Debug|Any CPU
		{486885D5-81DF-4271-8E66-4546B280E240}.Debug|Any CPU.Build.0 = Debug|Any CPU
		{486885D5-81DF-4271-8E66-4546B280E240}.Release|Any CPU.ActiveCfg = Release|Any CPU
		{486885D5-81DF-4271-8E66-4546B280E240}.Release|Any CPU.Build.0 = Release|Any CPU
		{81888DD1-3E48-476D-8CF4-DE6F705522A2}.Debug|Any CPU.ActiveCfg = Debug|Any CPU
		{81888DD1-3E48-476D-8CF4-DE6F705522A2}.Debug|Any CPU.Build.0 = Debug|Any CPU
		{81888DD1-3E48-476D-8CF4-DE6F705522A2}.Release|Any CPU.ActiveCfg = Release|Any CPU
		{81888DD1-3E48-476D-8CF4-DE6F705522A2}.Release|Any CPU.Build.0 = Release|Any CPU
	EndGlobalSection
	GlobalSection(SolutionProperties) = preSolution
		HideSolutionNode = FALSE
	EndGlobalSection
	GlobalSection(NestedProjects) = preSolution
		{7D6A655C-6E19-4848-9BE0-BB65FF9E575D} = {E7C0BBB9-534B-4C6F-BCCD-203B4F56727D}
		{D5C93C17-EC73-4238-B463-29558DA111C6} = {E7C0BBB9-534B-4C6F-BCCD-203B4F56727D}
		{A90A1D83-CAEC-4D30-9A19-74BCADE51EAA} = {E7C0BBB9-534B-4C6F-BCCD-203B4F56727D}
		{3E61CFB2-A687-4B89-8FC9-B13E94FD5E79} = {BFC1B820-C7EB-42FD-B409-E1CC5F15F38C}
		{83C27AFD-FE8E-4798-9084-14FC0B85FD53} = {CFF4CD03-F4A1-4B46-9116-2F23372BBABB}
		{7CAAB5E5-91AE-4EC2-A501-95286A9AC67F} = {E7C0BBB9-534B-4C6F-BCCD-203B4F56727D}
		{89498038-F173-4A1D-95B1-904D3BC23341} = {BFC1B820-C7EB-42FD-B409-E1CC5F15F38C}
		{D73F6821-27FB-4C6F-BA83-ABA3D9A95B27} = {BFC1B820-C7EB-42FD-B409-E1CC5F15F38C}
		{486885D5-81DF-4271-8E66-4546B280E240} = {BFC1B820-C7EB-42FD-B409-E1CC5F15F38C}
		{81888DD1-3E48-476D-8CF4-DE6F705522A2} = {E7C0BBB9-534B-4C6F-BCCD-203B4F56727D}
		{0EF9E1E7-69EF-481B-B42F-7143E3559B41} = {83C27AFD-FE8E-4798-9084-14FC0B85FD53}
	EndGlobalSection
	GlobalSection(ExtensibilityGlobals) = postSolution
		SolutionGuid = {7EFC47B3-88A4-4AA8-944E-200D97EC87C1}
	EndGlobalSection
EndGlobal
